
Microsoft Visual Studio Solution File, Format Version 11.00
# Visual Studio 2010
Project("{8BC9CEB8-8B4A-11D0-8D11-00A0C91BC942}") = "BeyondMeshOptimization", "BeyondMeshOptimization.vcxproj", "{14E5A52B-41CF-4769-90B3-061900547C00}"
	ProjectSection(ProjectDependencies) = postProject
		{2C6F7D59-C28A-4609-B205-B9E2F7E2EB60} = {2C6F7D59-C28A-4609-B205-B9E2F7E2EB60}
	EndProjectSection
EndProject
Project("{8BC9CEB8-8B4A-11D0-8D11-00A0C91BC942}") = "EvangelistaFW", "dependencies\EvangelistaFW\EvangelistaFW.vcxproj", "{2C6F7D59-C28A-4609-B205-B9E2F7E2EB60}"
EndProject
Global
	GlobalSection(SolutionConfigurationPlatforms) = preSolution
		Debug|Win32 = Debug|Win32
		Release|Win32 = Release|Win32
	EndGlobalSection
	GlobalSection(ProjectConfigurationPlatforms) = postSolution
		{14E5A52B-41CF-4769-90B3-061900547C00}.Debug|Win32.ActiveCfg = Debug|Win32
		{14E5A52B-41CF-4769-90B3-061900547C00}.Debug|Win32.Build.0 = Debug|Win32
		{14E5A52B-41CF-4769-90B3-061900547C00}.Release|Win32.ActiveCfg = Release|Win32
		{14E5A52B-41CF-4769-90B3-061900547C00}.Release|Win32.Build.0 = Release|Win32
		{2C6F7D59-C28A-4609-B205-B9E2F7E2EB60}.Debug|Win32.ActiveCfg = Debug|Win32
		{2C6F7D59-C28A-4609-B205-B9E2F7E2EB60}.Debug|Win32.Build.0 = Debug|Win32
		{2C6F7D59-C28A-4609-B205-B9E2F7E2EB60}.Release|Win32.ActiveCfg = Release|Win32
		{2C6F7D59-C28A-4609-B205-B9E2F7E2EB60}.Release|Win32.Build.0 = Release|Win32
	EndGlobalSection
	GlobalSection(SolutionProperties) = preSolution
		HideSolutionNode = FALSE
	EndGlobalSection
EndGlobal
